
Microsoft Visual Studio Solution File, Format Version 12.00
# Visual Studio Version 17
VisualStudioVersion = 17.3.32901.215
MinimumVisualStudioVersion = 10.0.40219.1
Project("{9A19103F-16F7-4668-BE54-9A1E7A4F7556}") = "LeetCode", "LeetCode\LeetCode.csproj", "{B226AFF4-FE83-47E8-A9AA-180DFC8D5DEA}"
EndProject
Global
	GlobalSection(SolutionConfigurationPlatforms) = preSolution
		Debug|Any CPU = Debug|Any CPU
		Release|Any CPU = Release|Any CPU
	EndGlobalSection
	GlobalSection(ProjectConfigurationPlatforms) = postSolution
		{B226AFF4-FE83-47E8-A9AA-180DFC8D5DEA}.Debug|Any CPU.ActiveCfg = Debug|Any CPU
		{B226AFF4-FE83-47E8-A9AA-180DFC8D5DEA}.Debug|Any CPU.Build.0 = Debug|Any CPU
		{B226AFF4-FE83-47E8-A9AA-180DFC8D5DEA}.Release|Any CPU.ActiveCfg = Release|Any CPU
		{B226AFF4-FE83-47E8-A9AA-180DFC8D5DEA}.Release|Any CPU.Build.0 = Release|Any CPU
	EndGlobalSection
	GlobalSection(SolutionProperties) = preSolution
		HideSolutionNode = FALSE
	EndGlobalSection
	GlobalSection(ExtensibilityGlobals) = postSolution
		SolutionGuid = {27CFACA9-1183-4AA7-BA6C-1F01BAEACAC1}
	EndGlobalSection
EndGlobal
